{
    "_readme": [
        "This file locks the dependencies of your project to a known state",
        "Read more about it at https://getcomposer.org/doc/01-basic-usage.md#installing-dependencies",
        "This file is @generated automatically"
    ],
    "content-hash": "8dd79593b79a8124cfc5e70e70fe2427",
    "packages": [
        {
            "name": "psr/container",
            "version": "2.0.2",
            "source": {
                "type": "git",
                "url": "https://github.com/php-fig/container.git",
                "reference": "c71ecc56dfe541dbd90c5360474fbc405f8d5963"
            },
            "dist": {
                "type": "zip",
                "url": "https://api.github.com/repos/php-fig/container/zipball/c71ecc56dfe541dbd90c5360474fbc405f8d5963",
                "reference": "c71ecc56dfe541dbd90c5360474fbc405f8d5963",
                "shasum": ""
            },
            "require": {
                "php": ">=7.4.0"
            },
            "type": "library",
            "extra": {
                "branch-alias": {
                    "dev-master": "2.0.x-dev"
                }
            },
            "autoload": {
                "psr-4": {
                    "Psr\\Container\\": "src/"
                }
            },
            "notification-url": "https://packagist.org/downloads/",
            "license": [
                "MIT"
            ],
            "authors": [
                {
                    "name": "PHP-FIG",
                    "homepage": "https://www.php-fig.org/"
                }
            ],
            "description": "Common Container Interface (PHP FIG PSR-11)",
            "homepage": "https://github.com/php-fig/container",
            "keywords": [
                "PSR-11",
                "container",
                "container-interface",
                "container-interop",
                "psr"
            ],
            "support": {
                "issues": "https://github.com/php-fig/container/issues",
                "source": "https://github.com/php-fig/container/tree/2.0.2"
            },
            "time": "2021-11-05T16:47:00+00:00"
        },
        {
            "name": "utopia-php/di",
            "version": "0.3.2",
            "source": {
                "type": "git",
                "url": "https://github.com/utopia-php/di.git",
                "reference": "07025d721ed5d9be27932e8e640acf1467fc4b9d"
            },
            "dist": {
                "type": "zip",
                "url": "https://api.github.com/repos/utopia-php/di/zipball/07025d721ed5d9be27932e8e640acf1467fc4b9d",
                "reference": "07025d721ed5d9be27932e8e640acf1467fc4b9d",
                "shasum": ""
            },
            "require": {
                "php": ">=8.2",
                "psr/container": "^2.0"
            },
            "require-dev": {
                "laravel/pint": "^1.27",
                "phpbench/phpbench": "^1.2",
                "phpstan/phpstan": "^2.1",
                "phpunit/phpunit": "^9.5.25",
                "swoole/ide-helper": "4.8.3"
            },
            "type": "library",
            "autoload": {
                "psr-4": {
                    "Utopia\\": "src/",
                    "Tests\\E2E\\": "tests/e2e"
                }
            },
            "notification-url": "https://packagist.org/downloads/",
            "license": [
                "MIT"
            ],
            "description": "A simple and lite library for managing dependency injections",
            "keywords": [
                "PSR-11",
                "container",
                "dependency-injection",
                "di",
                "php",
                "utopia"
            ],
            "support": {
                "issues": "https://github.com/utopia-php/di/issues",
                "source": "https://github.com/utopia-php/di/tree/0.3.2"
            },
            "time": "2026-03-21T07:42:10+00:00"
        },
        {
            "name": "utopia-php/servers",
            "version": "0.4.1",
            "source": {
                "type": "git",
                "url": "https://github.com/utopia-php/servers.git",
                "reference": "6e9241f587a19c0e9e7a3587fe3b15ffb2d4c2a4"
            },
            "dist": {
                "type": "zip",
                "url": "https://api.github.com/repos/utopia-php/servers/zipball/6e9241f587a19c0e9e7a3587fe3b15ffb2d4c2a4",
                "reference": "6e9241f587a19c0e9e7a3587fe3b15ffb2d4c2a4",
                "shasum": ""
            },
            "require": {
                "php": ">=8.2",
                "utopia-php/di": "0.3.*",
                "utopia-php/validators": "0.*"
            },
            "require-dev": {
                "laravel/pint": "^0.2.3",
                "phpstan/phpstan": "^1.8",
                "phpunit/phpunit": "^9.5.5"
            },
            "type": "library",
            "autoload": {
                "psr-4": {
                    "Utopia\\Servers\\": "src/Servers"
                }
            },
            "notification-url": "https://packagist.org/downloads/",
            "license": [
                "MIT"
            ],
            "authors": [
                {
                    "name": "Team Appwrite",
                    "email": "team@appwrite.io"
                }
            ],
            "description": "A base library for building Utopia style servers.",
            "keywords": [
                "framework",
                "php",
                "servers",
                "upf",
                "utopia"
            ],
            "support": {
                "issues": "https://github.com/utopia-php/servers/issues",
                "source": "https://github.com/utopia-php/servers/tree/0.4.1"
            },
            "time": "2026-05-21T13:08:45+00:00"
        },
        {
            "name": "utopia-php/validators",
            "version": "0.2.5",
            "source": {
                "type": "git",
                "url": "https://github.com/utopia-php/validators.git",
                "reference": "de749321e3c64b5f1a83195d8eb4b602c3916868"
            },
            "dist": {
                "type": "zip",
                "url": "https://api.github.com/repos/utopia-php/validators/zipball/de749321e3c64b5f1a83195d8eb4b602c3916868",
                "reference": "de749321e3c64b5f1a83195d8eb4b602c3916868",
                "shasum": ""
            },
            "require": {
                "php": ">=8.0"
            },
            "require-dev": {
                "laravel/pint": "1.*",
                "phpstan/phpstan": "2.*",
                "phpunit/phpunit": "11.*"
            },
            "type": "library",
            "autoload": {
                "psr-4": {
                    "Utopia\\": "src/"
                }
            },
            "notification-url": "https://packagist.org/downloads/",
            "license": [
                "MIT"
            ],
            "description": "A lightweight collection of reusable validators for Utopia projects",
            "keywords": [
                "php",
                "utopia",
                "validation",
                "validator"
            ],
            "support": {
                "issues": "https://github.com/utopia-php/validators/issues",
                "source": "https://github.com/utopia-php/validators/tree/0.2.5"
            },
            "time": "2026-06-10T06:41:55+00:00"
        }
    ],
    "packages-dev": [
        {
            "name": "swoole/ide-helper",
            "version": "4.8.8",
            "source": {
                "type": "git",
                "url": "https://github.com/swoole/ide-helper.git",
                "reference": "dd87843a5040831f9ad40b68fb57879b7342ef61"
            },
            "dist": {
                "type": "zip",
                "url": "https://api.github.com/repos/swoole/ide-helper/zipball/dd87843a5040831f9ad40b68fb57879b7342ef61",
                "reference": "dd87843a5040831f9ad40b68fb57879b7342ef61",
                "shasum": ""
            },
            "type": "library",
            "notification-url": "https://packagist.org/downloads/",
            "license": [
                "Apache-2.0"
            ],
            "authors": [
                {
                    "name": "Team Swoole",
                    "email": "team@swoole.com"
                }
            ],
            "description": "IDE help files for Swoole.",
            "support": {
                "issues": "https://github.com/swoole/ide-helper/issues",
                "source": "https://github.com/swoole/ide-helper/tree/4.8.8"
            },
            "funding": [
                {
                    "url": "https://gitee.com/swoole/swoole?donate=true",
                    "type": "custom"
                },
                {
                    "url": "https://github.com/swoole",
                    "type": "github"
                }
            ],
            "time": "2022-03-17T18:24:39+00:00"
        },
        {
            "name": "utopia-php/console",
            "version": "0.0.1",
            "source": {
                "type": "git",
                "url": "https://github.com/utopia-php/console.git",
                "reference": "f77104e4a888fa9cb3e08f32955ec09479ab7a92"
            },
            "dist": {
                "type": "zip",
                "url": "https://api.github.com/repos/utopia-php/console/zipball/f77104e4a888fa9cb3e08f32955ec09479ab7a92",
                "reference": "f77104e4a888fa9cb3e08f32955ec09479ab7a92",
                "shasum": ""
            },
            "require": {
                "php": ">=7.4"
            },
            "require-dev": {
                "laravel/pint": "1.2.*",
                "phpstan/phpstan": "^1.10",
                "phpunit/phpunit": "^9.3",
                "squizlabs/php_codesniffer": "^3.6",
                "swoole/ide-helper": "4.8.8"
            },
            "type": "library",
            "autoload": {
                "psr-4": {
                    "Utopia\\": "src/"
                }
            },
            "notification-url": "https://packagist.org/downloads/",
            "license": [
                "MIT"
            ],
            "description": "Console helpers for logging, prompting, and executing commands",
            "keywords": [
                "cli",
                "console",
                "php",
                "terminal",
                "utopia"
            ],
            "support": {
                "issues": "https://github.com/utopia-php/console/issues",
                "source": "https://github.com/utopia-php/console/tree/0.0.1"
            },
            "time": "2025-10-20T14:41:36+00:00"
        }
    ],
    "aliases": [],
    "minimum-stability": "stable",
    "stability-flags": {},
    "prefer-stable": false,
    "prefer-lowest": false,
    "platform": {
        "php": ">=7.4"
    },
    "platform-dev": {},
    "plugin-api-version": "2.9.0"
}
