{
    "_readme": [
        "This file locks the dependencies of your project to a known state",
        "Read more about it at https://getcomposer.org/doc/01-basic-usage.md#installing-dependencies",
        "This file is @generated automatically"
    ],
    "content-hash": "797a2cf6b445f26fa0deafe26c482c8a",
    "packages": [
        {
            "name": "psr/container",
            "version": "2.0.2",
            "source": {
                "type": "git",
                "url": "https://github.com/php-fig/container.git",
                "reference": "c71ecc56dfe541dbd90c5360474fbc405f8d5963"
            },
            "dist": {
                "type": "zip",
                "url": "https://api.github.com/repos/php-fig/container/zipball/c71ecc56dfe541dbd90c5360474fbc405f8d5963",
                "reference": "c71ecc56dfe541dbd90c5360474fbc405f8d5963",
                "shasum": ""
            },
            "require": {
                "php": ">=7.4.0"
            },
            "type": "library",
            "extra": {
                "branch-alias": {
                    "dev-master": "2.0.x-dev"
                }
            },
            "autoload": {
                "psr-4": {
                    "Psr\\Container\\": "src/"
                }
            },
            "notification-url": "https://packagist.org/downloads/",
            "license": [
                "MIT"
            ],
            "authors": [
                {
                    "name": "PHP-FIG",
                    "homepage": "https://www.php-fig.org/"
                }
            ],
            "description": "Common Container Interface (PHP FIG PSR-11)",
            "homepage": "https://github.com/php-fig/container",
            "keywords": [
                "PSR-11",
                "container",
                "container-interface",
                "container-interop",
                "psr"
            ],
            "support": {
                "issues": "https://github.com/php-fig/container/issues",
                "source": "https://github.com/php-fig/container/tree/2.0.2"
            },
            "time": "2021-11-05T16:47:00+00:00"
        },
        {
            "name": "utopia-php/di",
            "version": "0.3.3",
            "source": {
                "type": "git",
                "url": "https://github.com/utopia-php/di.git",
                "reference": "a0cee7ff9976bb6b596619aeac524948a8ee3dfb"
            },
            "dist": {
                "type": "zip",
                "url": "https://api.github.com/repos/utopia-php/di/zipball/a0cee7ff9976bb6b596619aeac524948a8ee3dfb",
                "reference": "a0cee7ff9976bb6b596619aeac524948a8ee3dfb",
                "shasum": ""
            },
            "require": {
                "php": ">=8.2",
                "psr/container": "^2.0"
            },
            "require-dev": {
                "phpbench/phpbench": "^1.2",
                "swoole/ide-helper": "4.8.3"
            },
            "type": "library",
            "autoload": {
                "psr-4": {
                    "Utopia\\": "src/",
                    "Tests\\E2E\\": "tests/e2e"
                }
            },
            "notification-url": "https://packagist.org/downloads/",
            "license": [
                "MIT"
            ],
            "description": "A simple and lite library for managing dependency injections",
            "keywords": [
                "PSR-11",
                "container",
                "dependency-injection",
                "di",
                "php",
                "utopia"
            ],
            "support": {
                "issues": "https://github.com/utopia-php/di/issues",
                "source": "https://github.com/utopia-php/di/tree/0.3.3"
            },
            "time": "2026-06-10T14:22:41+00:00"
        },
        {
            "name": "utopia-php/servers",
            "version": "0.4.2",
            "source": {
                "type": "git",
                "url": "https://github.com/utopia-php/servers.git",
                "reference": "235b425aa1a011a9c716d05ccdda2b077a9a2108"
            },
            "dist": {
                "type": "zip",
                "url": "https://api.github.com/repos/utopia-php/servers/zipball/235b425aa1a011a9c716d05ccdda2b077a9a2108",
                "reference": "235b425aa1a011a9c716d05ccdda2b077a9a2108",
                "shasum": ""
            },
            "require": {
                "php": ">=8.2",
                "utopia-php/di": "0.3.*",
                "utopia-php/validators": "0.*"
            },
            "type": "library",
            "autoload": {
                "psr-4": {
                    "Utopia\\Servers\\": "src/Servers"
                }
            },
            "notification-url": "https://packagist.org/downloads/",
            "license": [
                "MIT"
            ],
            "authors": [
                {
                    "name": "Team Appwrite",
                    "email": "team@appwrite.io"
                }
            ],
            "description": "A base library for building Utopia style servers.",
            "keywords": [
                "framework",
                "php",
                "servers",
                "upf",
                "utopia"
            ],
            "support": {
                "issues": "https://github.com/utopia-php/servers/issues",
                "source": "https://github.com/utopia-php/servers/tree/0.4.2"
            },
            "time": "2026-06-10T14:17:05+00:00"
        },
        {
            "name": "utopia-php/validators",
            "version": "0.2.6",
            "source": {
                "type": "git",
                "url": "https://github.com/utopia-php/validators.git",
                "reference": "f1ac4f08d6876daf117a1d9af53a4c7b752c2c0b"
            },
            "dist": {
                "type": "zip",
                "url": "https://api.github.com/repos/utopia-php/validators/zipball/f1ac4f08d6876daf117a1d9af53a4c7b752c2c0b",
                "reference": "f1ac4f08d6876daf117a1d9af53a4c7b752c2c0b",
                "shasum": ""
            },
            "require": {
                "php": ">=8.0"
            },
            "type": "library",
            "autoload": {
                "psr-4": {
                    "Utopia\\": "src/"
                }
            },
            "notification-url": "https://packagist.org/downloads/",
            "license": [
                "MIT"
            ],
            "description": "A lightweight collection of reusable validators for Utopia projects",
            "keywords": [
                "php",
                "utopia",
                "validation",
                "validator"
            ],
            "support": {
                "issues": "https://github.com/utopia-php/validators/issues",
                "source": "https://github.com/utopia-php/validators/tree/0.2.6"
            },
            "time": "2026-06-10T14:45:13+00:00"
        }
    ],
    "packages-dev": [
        {
            "name": "swoole/ide-helper",
            "version": "4.8.8",
            "source": {
                "type": "git",
                "url": "https://github.com/swoole/ide-helper.git",
                "reference": "dd87843a5040831f9ad40b68fb57879b7342ef61"
            },
            "dist": {
                "type": "zip",
                "url": "https://api.github.com/repos/swoole/ide-helper/zipball/dd87843a5040831f9ad40b68fb57879b7342ef61",
                "reference": "dd87843a5040831f9ad40b68fb57879b7342ef61",
                "shasum": ""
            },
            "type": "library",
            "notification-url": "https://packagist.org/downloads/",
            "license": [
                "Apache-2.0"
            ],
            "authors": [
                {
                    "name": "Team Swoole",
                    "email": "team@swoole.com"
                }
            ],
            "description": "IDE help files for Swoole.",
            "support": {
                "issues": "https://github.com/swoole/ide-helper/issues",
                "source": "https://github.com/swoole/ide-helper/tree/4.8.8"
            },
            "funding": [
                {
                    "url": "https://gitee.com/swoole/swoole?donate=true",
                    "type": "custom"
                },
                {
                    "url": "https://github.com/swoole",
                    "type": "github"
                }
            ],
            "time": "2022-03-17T18:24:39+00:00"
        },
        {
            "name": "utopia-php/console",
            "version": "0.0.1",
            "source": {
                "type": "git",
                "url": "https://github.com/utopia-php/console.git",
                "reference": "f77104e4a888fa9cb3e08f32955ec09479ab7a92"
            },
            "dist": {
                "type": "zip",
                "url": "https://api.github.com/repos/utopia-php/console/zipball/f77104e4a888fa9cb3e08f32955ec09479ab7a92",
                "reference": "f77104e4a888fa9cb3e08f32955ec09479ab7a92",
                "shasum": ""
            },
            "require": {
                "php": ">=7.4"
            },
            "require-dev": {
                "laravel/pint": "1.2.*",
                "phpstan/phpstan": "^1.10",
                "phpunit/phpunit": "^9.3",
                "squizlabs/php_codesniffer": "^3.6",
                "swoole/ide-helper": "4.8.8"
            },
            "type": "library",
            "autoload": {
                "psr-4": {
                    "Utopia\\": "src/"
                }
            },
            "notification-url": "https://packagist.org/downloads/",
            "license": [
                "MIT"
            ],
            "description": "Console helpers for logging, prompting, and executing commands",
            "keywords": [
                "cli",
                "console",
                "php",
                "terminal",
                "utopia"
            ],
            "support": {
                "issues": "https://github.com/utopia-php/console/issues",
                "source": "https://github.com/utopia-php/console/tree/0.0.1"
            },
            "time": "2025-10-20T14:41:36+00:00"
        }
    ],
    "aliases": [],
    "minimum-stability": "stable",
    "stability-flags": {},
    "prefer-stable": false,
    "prefer-lowest": false,
    "platform": {
        "php": ">=7.4"
    },
    "platform-dev": {},
    "plugin-api-version": "2.9.0"
}
